
Microsoft Visual Studio Solution File, Format Version 12.00
# Visual Studio Version 17
VisualStudioVersion = 17.6.33723.286
MinimumVisualStudioVersion = 10.0.40219.1
Project("{9A19103F-16F7-4668-BE54-9A1E7A4F7556}") = "UserApp.DAL", "UserApp.DAL\UserApp.DAL.csproj", "{DCC88CF5-2606-489A-BEE6-3A924BB1EB87}"
EndProject
Project("{9A19103F-16F7-4668-BE54-9A1E7A4F7556}") = "UserApp.Business", "UserApp.Business\UserApp.Business.csproj", "{1936EC19-4673-426C-B1F7-AB4877ADE40F}"
EndProject
Project("{9A19103F-16F7-4668-BE54-9A1E7A4F7556}") = "UserApp.Common", "UserApp.Common\UserApp.Common.csproj", "{230D5D77-1964-43E6-8FEA-1E8677BCA8BB}"
EndProject
Project("{9A19103F-16F7-4668-BE54-9A1E7A4F7556}") = "UserApp.API", "UserApp.API\UserApp.API.csproj", "{CADBEF46-50E7-4B1E-A4CD-648215A90131}"
EndProject
Global
	GlobalSection(SolutionConfigurationPlatforms) = preSolution
		Debug|Any CPU = Debug|Any CPU
		Release|Any CPU = Release|Any CPU
	EndGlobalSection
	GlobalSection(ProjectConfigurationPlatforms) = postSolution
		{DCC88CF5-2606-489A-BEE6-3A924BB1EB87}.Debug|Any CPU.ActiveCfg = Debug|Any CPU
		{DCC88CF5-2606-489A-BEE6-3A924BB1EB87}.Debug|Any CPU.Build.0 = Debug|Any CPU
		{DCC88CF5-2606-489A-BEE6-3A924BB1EB87}.Release|Any CPU.ActiveCfg = Release|Any CPU
		{DCC88CF5-2606-489A-BEE6-3A924BB1EB87}.Release|Any CPU.Build.0 = Release|Any CPU
		{1936EC19-4673-426C-B1F7-AB4877ADE40F}.Debug|Any CPU.ActiveCfg = Debug|Any CPU
		{1936EC19-4673-426C-B1F7-AB4877ADE40F}.Debug|Any CPU.Build.0 = Debug|Any CPU
		{1936EC19-4673-426C-B1F7-AB4877ADE40F}.Release|Any CPU.ActiveCfg = Release|Any CPU
		{1936EC19-4673-426C-B1F7-AB4877ADE40F}.Release|Any CPU.Build.0 = Release|Any CPU
		{230D5D77-1964-43E6-8FEA-1E8677BCA8BB}.Debug|Any CPU.ActiveCfg = Debug|Any CPU
		{230D5D77-1964-43E6-8FEA-1E8677BCA8BB}.Debug|Any CPU.Build.0 = Debug|Any CPU
		{230D5D77-1964-43E6-8FEA-1E8677BCA8BB}.Release|Any CPU.ActiveCfg = Release|Any CPU
		{230D5D77-1964-43E6-8FEA-1E8677BCA8BB}.Release|Any CPU.Build.0 = Release|Any CPU
		{CADBEF46-50E7-4B1E-A4CD-648215A90131}.Debug|Any CPU.ActiveCfg = Debug|Any CPU
		{CADBEF46-50E7-4B1E-A4CD-648215A90131}.Debug|Any CPU.Build.0 = Debug|Any CPU
		{CADBEF46-50E7-4B1E-A4CD-648215A90131}.Release|Any CPU.ActiveCfg = Release|Any CPU
		{CADBEF46-50E7-4B1E-A4CD-648215A90131}.Release|Any CPU.Build.0 = Release|Any CPU
	EndGlobalSection
	GlobalSection(SolutionProperties) = preSolution
		HideSolutionNode = FALSE
	EndGlobalSection
EndGlobal
